
Microsoft Visual Studio Solution File, Format Version 12.00
# Visual Studio Version 17
VisualStudioVersion = 17.10.35004.147
MinimumVisualStudioVersion = 10.0.40219.1
Project("{FAE04EC0-301F-11D3-BF4B-00C04F79EFBC}") = "lesson5", "lesson5\lesson5.csproj", "{98C3D291-645D-431F-BFE3-9F29D5B31821}"
EndProject
Global
	GlobalSection(SolutionConfigurationPlatforms) = preSolution
		Debug|Any CPU = Debug|Any CPU
		Release|Any CPU = Release|Any CPU
	EndGlobalSection
	GlobalSection(ProjectConfigurationPlatforms) = postSolution
		{98C3D291-645D-431F-BFE3-9F29D5B31821}.Debug|Any CPU.ActiveCfg = Debug|Any CPU
		{98C3D291-645D-431F-BFE3-9F29D5B31821}.Debug|Any CPU.Build.0 = Debug|Any CPU
		{98C3D291-645D-431F-BFE3-9F29D5B31821}.Release|Any CPU.ActiveCfg = Release|Any CPU
		{98C3D291-645D-431F-BFE3-9F29D5B31821}.Release|Any CPU.Build.0 = Release|Any CPU
	EndGlobalSection
	GlobalSection(SolutionProperties) = preSolution
		HideSolutionNode = FALSE
	EndGlobalSection
	GlobalSection(ExtensibilityGlobals) = postSolution
		SolutionGuid = {EE99A6D7-B52B-476B-9774-0CC401BEC124}
	EndGlobalSection
EndGlobal
