
Microsoft Visual Studio Solution File, Format Version 12.00
# Visual Studio Version 17
VisualStudioVersion = 17.10.35004.147
MinimumVisualStudioVersion = 10.0.40219.1
Project("{FAE04EC0-301F-11D3-BF4B-00C04F79EFBC}") = "lesson3", "lesson3\lesson3.csproj", "{FEC7695F-B50B-49B5-ABE5-0BF5C8F07F6E}"
EndProject
Global
	GlobalSection(SolutionConfigurationPlatforms) = preSolution
		Debug|Any CPU = Debug|Any CPU
		Release|Any CPU = Release|Any CPU
	EndGlobalSection
	GlobalSection(ProjectConfigurationPlatforms) = postSolution
		{FEC7695F-B50B-49B5-ABE5-0BF5C8F07F6E}.Debug|Any CPU.ActiveCfg = Debug|Any CPU
		{FEC7695F-B50B-49B5-ABE5-0BF5C8F07F6E}.Debug|Any CPU.Build.0 = Debug|Any CPU
		{FEC7695F-B50B-49B5-ABE5-0BF5C8F07F6E}.Release|Any CPU.ActiveCfg = Release|Any CPU
		{FEC7695F-B50B-49B5-ABE5-0BF5C8F07F6E}.Release|Any CPU.Build.0 = Release|Any CPU
	EndGlobalSection
	GlobalSection(SolutionProperties) = preSolution
		HideSolutionNode = FALSE
	EndGlobalSection
	GlobalSection(ExtensibilityGlobals) = postSolution
		SolutionGuid = {D36CD681-FB67-4C49-9C05-9DEE03DAA64D}
	EndGlobalSection
EndGlobal
